
Microsoft Visual Studio Solution File, Format Version 12.00
# Visual Studio Version 17
VisualStudioVersion = 17.12.35527.113 d17.12
MinimumVisualStudioVersion = 10.0.40219.1
Project("{FAE04EC0-301F-11D3-BF4B-00C04F79EFBC}") = "Ollapi", "Ollapi\Ollapi.csproj", "{820B6642-D208-4ADC-8A67-377FFA8A7E25}"
EndProject
Project("{FAE04EC0-301F-11D3-BF4B-00C04F79EFBC}") = "OllapiTests", "OllapiTests\OllapiTests.csproj", "{2F51374A-46BC-4846-B4AF-22E22FF6DAA3}"
EndProject
Global
	GlobalSection(SolutionConfigurationPlatforms) = preSolution
		Debug|Any CPU = Debug|Any CPU
		Release|Any CPU = Release|Any CPU
	EndGlobalSection
	GlobalSection(ProjectConfigurationPlatforms) = postSolution
		{820B6642-D208-4ADC-8A67-377FFA8A7E25}.Debug|Any CPU.ActiveCfg = Debug|Any CPU
		{820B6642-D208-4ADC-8A67-377FFA8A7E25}.Debug|Any CPU.Build.0 = Debug|Any CPU
		{820B6642-D208-4ADC-8A67-377FFA8A7E25}.Release|Any CPU.ActiveCfg = Release|Any CPU
		{820B6642-D208-4ADC-8A67-377FFA8A7E25}.Release|Any CPU.Build.0 = Release|Any CPU
		{2F51374A-46BC-4846-B4AF-22E22FF6DAA3}.Debug|Any CPU.ActiveCfg = Debug|Any CPU
		{2F51374A-46BC-4846-B4AF-22E22FF6DAA3}.Debug|Any CPU.Build.0 = Debug|Any CPU
		{2F51374A-46BC-4846-B4AF-22E22FF6DAA3}.Release|Any CPU.ActiveCfg = Release|Any CPU
		{2F51374A-46BC-4846-B4AF-22E22FF6DAA3}.Release|Any CPU.Build.0 = Release|Any CPU
	EndGlobalSection
	GlobalSection(SolutionProperties) = preSolution
		HideSolutionNode = FALSE
	EndGlobalSection
EndGlobal
